// !$*UTF8*$!
{
	archiveVersion = 1;
	classes = {
	};
	objectVersion = 56;
	objects = {

/* Begin PBXBuildFile section */
		C024D512299F03910090F7D6 /* Foundation+Extensions.swift in Sources */ = {isa = PBXBuildFile; fileRef = C024D511299F03910090F7D6 /* Foundation+Extensions.swift */; };
		C06C0E05299E934F00DC6FF4 /* main.swift in Sources */ = {isa = PBXBuildFile; fileRef = C06C0E04299E934F00DC6FF4 /* main.swift */; };
		C06C0E0D299E942200DC6FF4 /* StorageManager.swift in Sources */ = {isa = PBXBuildFile; fileRef = C06C0E0C299E942200DC6FF4 /* StorageManager.swift */; };
		C06C0E0F299EA03200DC6FF4 /* Tags.swift in Sources */ = {isa = PBXBuildFile; fileRef = C06C0E0E299EA03200DC6FF4 /* Tags.swift */; };
		C06C0E11299EA06400DC6FF4 /* Filters.swift in Sources */ = {isa = PBXBuildFile; fileRef = C06C0E10299EA06400DC6FF4 /* Filters.swift */; };
		C06C0E13299EA16400DC6FF4 /* Tag+Extensions.swift in Sources */ = {isa = PBXBuildFile; fileRef = C06C0E12299EA16400DC6FF4 /* Tag+Extensions.swift */; };
		C06C0E17299EA37900DC6FF4 /* TestingTags.swift in Sources */ = {isa = PBXBuildFile; fileRef = C06C0E16299EA37900DC6FF4 /* TestingTags.swift */; };
		C06C0E19299EAC8C00DC6FF4 /* Rules.swift in Sources */ = {isa = PBXBuildFile; fileRef = C06C0E18299EAC8C00DC6FF4 /* Rules.swift */; };
		C06C0E1B299EADB600DC6FF4 /* TestingRules.swift in Sources */ = {isa = PBXBuildFile; fileRef = C06C0E1A299EADB600DC6FF4 /* TestingRules.swift */; };
/* End PBXBuildFile section */

/* Begin PBXCopyFilesBuildPhase section */
		C06C0DFF299E934F00DC6FF4 /* CopyFiles */ = {
			isa = PBXCopyFilesBuildPhase;
			buildActionMask = 2147483647;
			dstPath = /usr/share/man/man1/;
			dstSubfolderSpec = 0;
			files = (
			);
			runOnlyForDeploymentPostprocessing = 1;
		};
/* End PBXCopyFilesBuildPhase section */

/* Begin PBXFileReference section */
		C024D511299F03910090F7D6 /* Foundation+Extensions.swift */ = {isa = PBXFileReference; lastKnownFileType = sourcecode.swift; path = "Foundation+Extensions.swift"; sourceTree = "<group>"; };
		C06C0E01299E934F00DC6FF4 /* ExpenseGroupPlayground */ = {isa = PBXFileReference; explicitFileType = "compiled.mach-o.executable"; includeInIndex = 0; path = ExpenseGroupPlayground; sourceTree = BUILT_PRODUCTS_DIR; };
		C06C0E04299E934F00DC6FF4 /* main.swift */ = {isa = PBXFileReference; lastKnownFileType = sourcecode.swift; path = main.swift; sourceTree = "<group>"; };
		C06C0E0C299E942200DC6FF4 /* StorageManager.swift */ = {isa = PBXFileReference; fileEncoding = 4; lastKnownFileType = sourcecode.swift; path = StorageManager.swift; sourceTree = "<group>"; };
		C06C0E0E299EA03200DC6FF4 /* Tags.swift */ = {isa = PBXFileReference; lastKnownFileType = sourcecode.swift; path = Tags.swift; sourceTree = "<group>"; };
		C06C0E10299EA06400DC6FF4 /* Filters.swift */ = {isa = PBXFileReference; lastKnownFileType = sourcecode.swift; path = Filters.swift; sourceTree = "<group>"; };
		C06C0E12299EA16400DC6FF4 /* Tag+Extensions.swift */ = {isa = PBXFileReference; lastKnownFileType = sourcecode.swift; path = "Tag+Extensions.swift"; sourceTree = "<group>"; };
		C06C0E16299EA37900DC6FF4 /* TestingTags.swift */ = {isa = PBXFileReference; lastKnownFileType = sourcecode.swift; path = TestingTags.swift; sourceTree = "<group>"; };
		C06C0E18299EAC8C00DC6FF4 /* Rules.swift */ = {isa = PBXFileReference; lastKnownFileType = sourcecode.swift; path = Rules.swift; sourceTree = "<group>"; };
		C06C0E1A299EADB600DC6FF4 /* TestingRules.swift */ = {isa = PBXFileReference; lastKnownFileType = sourcecode.swift; path = TestingRules.swift; sourceTree = "<group>"; };
/* End PBXFileReference section */

/* Begin PBXFrameworksBuildPhase section */
		C06C0DFE299E934F00DC6FF4 /* Frameworks */ = {
			isa = PBXFrameworksBuildPhase;
			buildActionMask = 2147483647;
			files = (
			);
			runOnlyForDeploymentPostprocessing = 0;
		};
/* End PBXFrameworksBuildPhase section */

/* Begin PBXGroup section */
		C06C0DF8299E934F00DC6FF4 = {
			isa = PBXGroup;
			children = (
				C06C0E03299E934F00DC6FF4 /* ExpenseGroupPlayground */,
				C06C0E02299E934F00DC6FF4 /* Products */,
			);
			sourceTree = "<group>";
		};
		C06C0E02299E934F00DC6FF4 /* Products */ = {
			isa = PBXGroup;
			children = (
				C06C0E01299E934F00DC6FF4 /* ExpenseGroupPlayground */,
			);
			name = Products;
			sourceTree = "<group>";
		};
		C06C0E03299E934F00DC6FF4 /* ExpenseGroupPlayground */ = {
			isa = PBXGroup;
			children = (
				C06C0E15299EA35C00DC6FF4 /* Testing */,
				C06C0E14299EA1D200DC6FF4 /* Services */,
				C06C0E04299E934F00DC6FF4 /* main.swift */,
			);
			path = ExpenseGroupPlayground;
			sourceTree = "<group>";
		};
		C06C0E14299EA1D200DC6FF4 /* Services */ = {
			isa = PBXGroup;
			children = (
				C06C0E0C299E942200DC6FF4 /* StorageManager.swift */,
				C06C0E0E299EA03200DC6FF4 /* Tags.swift */,
				C06C0E12299EA16400DC6FF4 /* Tag+Extensions.swift */,
				C06C0E10299EA06400DC6FF4 /* Filters.swift */,
				C06C0E18299EAC8C00DC6FF4 /* Rules.swift */,
				C024D511299F03910090F7D6 /* Foundation+Extensions.swift */,
			);
			path = Services;
			sourceTree = "<group>";
		};
		C06C0E15299EA35C00DC6FF4 /* Testing */ = {
			isa = PBXGroup;
			children = (
				C06C0E16299EA37900DC6FF4 /* TestingTags.swift */,
				C06C0E1A299EADB600DC6FF4 /* TestingRules.swift */,
			);
			path = Testing;
			sourceTree = "<group>";
		};
/* End PBXGroup section */

/* Begin PBXNativeTarget section */
		C06C0E00299E934F00DC6FF4 /* ExpenseGroupPlayground */ = {
			isa = PBXNativeTarget;
			buildConfigurationList = C06C0E08299E934F00DC6FF4 /* Build configuration list for PBXNativeTarget "ExpenseGroupPlayground" */;
			buildPhases = (
				C06C0DFD299E934F00DC6FF4 /* Sources */,
				C06C0DFE299E934F00DC6FF4 /* Frameworks */,
				C06C0DFF299E934F00DC6FF4 /* CopyFiles */,
			);
			buildRules = (
			);
			dependencies = (
			);
			name = ExpenseGroupPlayground;
			productName = ExpenseGroupPlayground;
			productReference = C06C0E01299E934F00DC6FF4 /* ExpenseGroupPlayground */;
			productType = "com.apple.product-type.tool";
		};
/* End PBXNativeTarget section */

/* Begin PBXProject section */
		C06C0DF9299E934F00DC6FF4 /* Project object */ = {
			isa = PBXProject;
			attributes = {
				BuildIndependentTargetsInParallel = 1;
				LastSwiftUpdateCheck = 1400;
				LastUpgradeCheck = 1400;
				TargetAttributes = {
					C06C0E00299E934F00DC6FF4 = {
						CreatedOnToolsVersion = 14.0.1;
					};
				};
			};
			buildConfigurationList = C06C0DFC299E934F00DC6FF4 /* Build configuration list for PBXProject "ExpenseGroupPlayground" */;
			compatibilityVersion = "Xcode 14.0";
			developmentRegion = en;
			hasScannedForEncodings = 0;
			knownRegions = (
				en,
				Base,
			);
			mainGroup = C06C0DF8299E934F00DC6FF4;
			productRefGroup = C06C0E02299E934F00DC6FF4 /* Products */;
			projectDirPath = "";
			projectRoot = "";
			targets = (
				C06C0E00299E934F00DC6FF4 /* ExpenseGroupPlayground */,
			);
		};
/* End PBXProject section */

/* Begin PBXSourcesBuildPhase section */
		C06C0DFD299E934F00DC6FF4 /* Sources */ = {
			isa = PBXSourcesBuildPhase;
			buildActionMask = 2147483647;
			files = (
				C06C0E05299E934F00DC6FF4 /* main.swift in Sources */,
				C06C0E17299EA37900DC6FF4 /* TestingTags.swift in Sources */,
				C06C0E13299EA16400DC6FF4 /* Tag+Extensions.swift in Sources */,
				C06C0E11299EA06400DC6FF4 /* Filters.swift in Sources */,
				C06C0E0D299E942200DC6FF4 /* StorageManager.swift in Sources */,
				C06C0E19299EAC8C00DC6FF4 /* Rules.swift in Sources */,
				C06C0E1B299EADB600DC6FF4 /* TestingRules.swift in Sources */,
				C06C0E0F299EA03200DC6FF4 /* Tags.swift in Sources */,
				C024D512299F03910090F7D6 /* Foundation+Extensions.swift in Sources */,
			);
			runOnlyForDeploymentPostprocessing = 0;
		};
/* End PBXSourcesBuildPhase section */

/* Begin XCBuildConfiguration section */
		C06C0E06299E934F00DC6FF4 /* Debug */ = {
			isa = XCBuildConfiguration;
			buildSettings = {
				ALWAYS_SEARCH_USER_PATHS = NO;
				CLANG_ANALYZER_NONNULL = YES;
				CLANG_ANALYZER_NUMBER_OBJECT_CONVERSION = YES_AGGRESSIVE;
				CLANG_CXX_LANGUAGE_STANDARD = "gnu++20";
				CLANG_ENABLE_MODULES = YES;
				CLANG_ENABLE_OBJC_ARC = YES;
				CLANG_ENABLE_OBJC_WEAK = YES;
				CLANG_WARN_BLOCK_CAPTURE_AUTORELEASING = YES;
				CLANG_WARN_BOOL_CONVERSION = YES;
				CLANG_WARN_COMMA = YES;
				CLANG_WARN_CONSTANT_CONVERSION = YES;
				CLANG_WARN_DEPRECATED_OBJC_IMPLEMENTATIONS = YES;
				CLANG_WARN_DIRECT_OBJC_ISA_USAGE = YES_ERROR;
				CLANG_WARN_DOCUMENTATION_COMMENTS = YES;
				CLANG_WARN_EMPTY_BODY = YES;
				CLANG_WARN_ENUM_CONVERSION = YES;
				CLANG_WARN_INFINITE_RECURSION = YES;
				CLANG_WARN_INT_CONVERSION = YES;
				CLANG_WARN_NON_LITERAL_NULL_CONVERSION = YES;
				CLANG_WARN_OBJC_IMPLICIT_RETAIN_SELF = YES;
				CLANG_WARN_OBJC_LITERAL_CONVERSION = YES;
				CLANG_WARN_OBJC_ROOT_CLASS = YES_ERROR;
				CLANG_WARN_QUOTED_INCLUDE_IN_FRAMEWORK_HEADER = YES;
				CLANG_WARN_RANGE_LOOP_ANALYSIS = YES;
				CLANG_WARN_STRICT_PROTOTYPES = YES;
				CLANG_WARN_SUSPICIOUS_MOVE = YES;
				CLANG_WARN_UNGUARDED_AVAILABILITY = YES_AGGRESSIVE;
				CLANG_WARN_UNREACHABLE_CODE = YES;
				CLANG_WARN__DUPLICATE_METHOD_MATCH = YES;
				COPY_PHASE_STRIP = NO;
				DEBUG_INFORMATION_FORMAT = dwarf;
				ENABLE_STRICT_OBJC_MSGSEND = YES;
				ENABLE_TESTABILITY = YES;
				GCC_C_LANGUAGE_STANDARD = gnu11;
				GCC_DYNAMIC_NO_PIC = NO;
				GCC_NO_COMMON_BLOCKS = YES;
				GCC_OPTIMIZATION_LEVEL = 0;
				GCC_PREPROCESSOR_DEFINITIONS = (
					"DEBUG=1",
					"$(inherited)",
				);
				GCC_WARN_64_TO_32_BIT_CONVERSION = YES;
				GCC_WARN_ABOUT_RETURN_TYPE = YES_ERROR;
				GCC_WARN_UNDECLARED_SELECTOR = YES;
				GCC_WARN_UNINITIALIZED_AUTOS = YES_AGGRESSIVE;
				GCC_WARN_UNUSED_FUNCTION = YES;
				GCC_WARN_UNUSED_VARIABLE = YES;
				MACOSX_DEPLOYMENT_TARGET = 12.3;
				MTL_ENABLE_DEBUG_INFO = INCLUDE_SOURCE;
				MTL_FAST_MATH = YES;
				ONLY_ACTIVE_ARCH = YES;
				SDKROOT = macosx;
				SWIFT_ACTIVE_COMPILATION_CONDITIONS = DEBUG;
				SWIFT_OPTIMIZATION_LEVEL = "-Onone";
			};
			name = Debug;
		};
		C06C0E07299E934F00DC6FF4 /* Release */ = {
			isa = XCBuildConfiguration;
			buildSettings = {
				ALWAYS_SEARCH_USER_PATHS = NO;
				CLANG_ANALYZER_NONNULL = YES;
				CLANG_ANALYZER_NUMBER_OBJECT_CONVERSION = YES_AGGRESSIVE;
				CLANG_CXX_LANGUAGE_STANDARD = "gnu++20";
				CLANG_ENABLE_MODULES = YES;
				CLANG_ENABLE_OBJC_ARC = YES;
				CLANG_ENABLE_OBJC_WEAK = YES;
				CLANG_WARN_BLOCK_CAPTURE_AUTORELEASING = YES;
				CLANG_WARN_BOOL_CONVERSION = YES;
				CLANG_WARN_COMMA = YES;
				CLANG_WARN_CONSTANT_CONVERSION = YES;
				CLANG_WARN_DEPRECATED_OBJC_IMPLEMENTATIONS = YES;
				CLANG_WARN_DIRECT_OBJC_ISA_USAGE = YES_ERROR;
				CLANG_WARN_DOCUMENTATION_COMMENTS = YES;
				CLANG_WARN_EMPTY_BODY = YES;
				CLANG_WARN_ENUM_CONVERSION = YES;
				CLANG_WARN_INFINITE_RECURSION = YES;
				CLANG_WARN_INT_CONVERSION = YES;
				CLANG_WARN_NON_LITERAL_NULL_CONVERSION = YES;
				CLANG_WARN_OBJC_IMPLICIT_RETAIN_SELF = YES;
				CLANG_WARN_OBJC_LITERAL_CONVERSION = YES;
				CLANG_WARN_OBJC_ROOT_CLASS = YES_ERROR;
				CLANG_WARN_QUOTED_INCLUDE_IN_FRAMEWORK_HEADER = YES;
				CLANG_WARN_RANGE_LOOP_ANALYSIS = YES;
				CLANG_WARN_STRICT_PROTOTYPES = YES;
				CLANG_WARN_SUSPICIOUS_MOVE = YES;
				CLANG_WARN_UNGUARDED_AVAILABILITY = YES_AGGRESSIVE;
				CLANG_WARN_UNREACHABLE_CODE = YES;
				CLANG_WARN__DUPLICATE_METHOD_MATCH = YES;
				COPY_PHASE_STRIP = NO;
				DEBUG_INFORMATION_FORMAT = "dwarf-with-dsym";
				ENABLE_NS_ASSERTIONS = NO;
				ENABLE_STRICT_OBJC_MSGSEND = YES;
				GCC_C_LANGUAGE_STANDARD = gnu11;
				GCC_NO_COMMON_BLOCKS = YES;
				GCC_WARN_64_TO_32_BIT_CONVERSION = YES;
				GCC_WARN_ABOUT_RETURN_TYPE = YES_ERROR;
				GCC_WARN_UNDECLARED_SELECTOR = YES;
				GCC_WARN_UNINITIALIZED_AUTOS = YES_AGGRESSIVE;
				GCC_WARN_UNUSED_FUNCTION = YES;
				GCC_WARN_UNUSED_VARIABLE = YES;
				MACOSX_DEPLOYMENT_TARGET = 12.3;
				MTL_ENABLE_DEBUG_INFO = NO;
				MTL_FAST_MATH = YES;
				SDKROOT = macosx;
				SWIFT_COMPILATION_MODE = wholemodule;
				SWIFT_OPTIMIZATION_LEVEL = "-O";
			};
			name = Release;
		};
		C06C0E09299E934F00DC6FF4 /* Debug */ = {
			isa = XCBuildConfiguration;
			buildSettings = {
				CODE_SIGN_STYLE = Automatic;
				DEVELOPMENT_TEAM = PTN2UCVG43;
				ENABLE_HARDENED_RUNTIME = YES;
				PRODUCT_NAME = "$(TARGET_NAME)";
				SWIFT_VERSION = 5.0;
			};
			name = Debug;
		};
		C06C0E0A299E934F00DC6FF4 /* Release */ = {
			isa = XCBuildConfiguration;
			buildSettings = {
				CODE_SIGN_STYLE = Automatic;
				DEVELOPMENT_TEAM = PTN2UCVG43;
				ENABLE_HARDENED_RUNTIME = YES;
				PRODUCT_NAME = "$(TARGET_NAME)";
				SWIFT_VERSION = 5.0;
			};
			name = Release;
		};
/* End XCBuildConfiguration section */

/* Begin XCConfigurationList section */
		C06C0DFC299E934F00DC6FF4 /* Build configuration list for PBXProject "ExpenseGroupPlayground" */ = {
			isa = XCConfigurationList;
			buildConfigurations = (
				C06C0E06299E934F00DC6FF4 /* Debug */,
				C06C0E07299E934F00DC6FF4 /* Release */,
			);
			defaultConfigurationIsVisible = 0;
			defaultConfigurationName = Release;
		};
		C06C0E08299E934F00DC6FF4 /* Build configuration list for PBXNativeTarget "ExpenseGroupPlayground" */ = {
			isa = XCConfigurationList;
			buildConfigurations = (
				C06C0E09299E934F00DC6FF4 /* Debug */,
				C06C0E0A299E934F00DC6FF4 /* Release */,
			);
			defaultConfigurationIsVisible = 0;
			defaultConfigurationName = Release;
		};
/* End XCConfigurationList section */
	};
	rootObject = C06C0DF9299E934F00DC6FF4 /* Project object */;
}
