// !$*UTF8*$!
{
	archiveVersion = 1;
	classes = {
	};
	objectVersion = 56;
	objects = {

/* Begin PBXBuildFile section */
		C019C2C629991030003B429B /* BankData.swift in Sources */ = {isa = PBXBuildFile; fileRef = C019C2C529991030003B429B /* BankData.swift */; };
		C019C2C929991375003B429B /* UtilityExtensions.swift in Sources */ = {isa = PBXBuildFile; fileRef = C019C2C829991375003B429B /* UtilityExtensions.swift */; };
		C024D514299F063B0090F7D6 /* StorageManager.swift in Sources */ = {isa = PBXBuildFile; fileRef = C024D513299F063B0090F7D6 /* StorageManager.swift */; };
		C024D516299F06C60090F7D6 /* TestDescriptions.swift in Sources */ = {isa = PBXBuildFile; fileRef = C024D515299F06C60090F7D6 /* TestDescriptions.swift */; };
		C0FCEE61299458C000D917D3 /* DataStorage.swift in Sources */ = {isa = PBXBuildFile; fileRef = C0FCEE60299458C000D917D3 /* DataStorage.swift */; };
		C0FCEE632994596B00D917D3 /* DataReader.swift in Sources */ = {isa = PBXBuildFile; fileRef = C0FCEE622994596B00D917D3 /* DataReader.swift */; };
		C0FCEE6529945C1500D917D3 /* Tags.swift in Sources */ = {isa = PBXBuildFile; fileRef = C0FCEE6429945C1500D917D3 /* Tags.swift */; };
		C0FCEE672994670E00D917D3 /* ExpenseGroup.swift in Sources */ = {isa = PBXBuildFile; fileRef = C0FCEE662994670E00D917D3 /* ExpenseGroup.swift */; };
		C0FE10252991AD2300F48AF9 /* main.swift in Sources */ = {isa = PBXBuildFile; fileRef = C0FE10242991AD2300F48AF9 /* main.swift */; };
		C0FE102F2991D7BA00F48AF9 /* BankData+Extensions.swift in Sources */ = {isa = PBXBuildFile; fileRef = C0FE102E2991D7BA00F48AF9 /* BankData+Extensions.swift */; };
/* End PBXBuildFile section */

/* Begin PBXCopyFilesBuildPhase section */
		C0FE101F2991AD2300F48AF9 /* CopyFiles */ = {
			isa = PBXCopyFilesBuildPhase;
			buildActionMask = 2147483647;
			dstPath = /usr/share/man/man1/;
			dstSubfolderSpec = 0;
			files = (
			);
			runOnlyForDeploymentPostprocessing = 1;
		};
/* End PBXCopyFilesBuildPhase section */

/* Begin PBXFileReference section */
		C019C2C529991030003B429B /* BankData.swift */ = {isa = PBXFileReference; lastKnownFileType = sourcecode.swift; path = BankData.swift; sourceTree = "<group>"; };
		C019C2C829991375003B429B /* UtilityExtensions.swift */ = {isa = PBXFileReference; lastKnownFileType = sourcecode.swift; path = UtilityExtensions.swift; sourceTree = "<group>"; };
		C024D513299F063B0090F7D6 /* StorageManager.swift */ = {isa = PBXFileReference; lastKnownFileType = sourcecode.swift; path = StorageManager.swift; sourceTree = "<group>"; };
		C024D515299F06C60090F7D6 /* TestDescriptions.swift */ = {isa = PBXFileReference; lastKnownFileType = sourcecode.swift; path = TestDescriptions.swift; sourceTree = "<group>"; };
		C0FCEE60299458C000D917D3 /* DataStorage.swift */ = {isa = PBXFileReference; lastKnownFileType = sourcecode.swift; path = DataStorage.swift; sourceTree = "<group>"; };
		C0FCEE622994596B00D917D3 /* DataReader.swift */ = {isa = PBXFileReference; lastKnownFileType = sourcecode.swift; path = DataReader.swift; sourceTree = "<group>"; };
		C0FCEE6429945C1500D917D3 /* Tags.swift */ = {isa = PBXFileReference; lastKnownFileType = sourcecode.swift; path = Tags.swift; sourceTree = "<group>"; };
		C0FCEE662994670E00D917D3 /* ExpenseGroup.swift */ = {isa = PBXFileReference; lastKnownFileType = sourcecode.swift; path = ExpenseGroup.swift; sourceTree = "<group>"; };
		C0FE10212991AD2300F48AF9 /* ExtractBank */ = {isa = PBXFileReference; explicitFileType = "compiled.mach-o.executable"; includeInIndex = 0; path = ExtractBank; sourceTree = BUILT_PRODUCTS_DIR; };
		C0FE10242991AD2300F48AF9 /* main.swift */ = {isa = PBXFileReference; lastKnownFileType = sourcecode.swift; path = main.swift; sourceTree = "<group>"; };
		C0FE102E2991D7BA00F48AF9 /* BankData+Extensions.swift */ = {isa = PBXFileReference; lastKnownFileType = sourcecode.swift; path = "BankData+Extensions.swift"; sourceTree = "<group>"; };
/* End PBXFileReference section */

/* Begin PBXFrameworksBuildPhase section */
		C0FE101E2991AD2300F48AF9 /* Frameworks */ = {
			isa = PBXFrameworksBuildPhase;
			buildActionMask = 2147483647;
			files = (
			);
			runOnlyForDeploymentPostprocessing = 0;
		};
/* End PBXFrameworksBuildPhase section */

/* Begin PBXGroup section */
		C019C2C329990FC2003B429B /* Reader */ = {
			isa = PBXGroup;
			children = (
				C019C2C729991367003B429B /* Extensions */,
				C019C2C429990FE8003B429B /* Storage */,
			);
			path = Reader;
			sourceTree = "<group>";
		};
		C019C2C429990FE8003B429B /* Storage */ = {
			isa = PBXGroup;
			children = (
				C019C2C529991030003B429B /* BankData.swift */,
				C024D513299F063B0090F7D6 /* StorageManager.swift */,
			);
			path = Storage;
			sourceTree = "<group>";
		};
		C019C2C729991367003B429B /* Extensions */ = {
			isa = PBXGroup;
			children = (
				C0FE102E2991D7BA00F48AF9 /* BankData+Extensions.swift */,
				C019C2C829991375003B429B /* UtilityExtensions.swift */,
			);
			path = Extensions;
			sourceTree = "<group>";
		};
		C0FE10182991AD2300F48AF9 = {
			isa = PBXGroup;
			children = (
				C019C2C329990FC2003B429B /* Reader */,
				C0FE10232991AD2300F48AF9 /* ExtractBank */,
				C0FE10222991AD2300F48AF9 /* Products */,
			);
			sourceTree = "<group>";
		};
		C0FE10222991AD2300F48AF9 /* Products */ = {
			isa = PBXGroup;
			children = (
				C0FE10212991AD2300F48AF9 /* ExtractBank */,
			);
			name = Products;
			sourceTree = "<group>";
		};
		C0FE10232991AD2300F48AF9 /* ExtractBank */ = {
			isa = PBXGroup;
			children = (
				C0FE10242991AD2300F48AF9 /* main.swift */,
				C024D515299F06C60090F7D6 /* TestDescriptions.swift */,
				C0FCEE60299458C000D917D3 /* DataStorage.swift */,
				C0FCEE622994596B00D917D3 /* DataReader.swift */,
				C0FCEE6429945C1500D917D3 /* Tags.swift */,
				C0FCEE662994670E00D917D3 /* ExpenseGroup.swift */,
			);
			path = ExtractBank;
			sourceTree = "<group>";
		};
/* End PBXGroup section */

/* Begin PBXNativeTarget section */
		C0FE10202991AD2300F48AF9 /* ExtractBank */ = {
			isa = PBXNativeTarget;
			buildConfigurationList = C0FE10282991AD2300F48AF9 /* Build configuration list for PBXNativeTarget "ExtractBank" */;
			buildPhases = (
				C0FE101D2991AD2300F48AF9 /* Sources */,
				C0FE101E2991AD2300F48AF9 /* Frameworks */,
				C0FE101F2991AD2300F48AF9 /* CopyFiles */,
			);
			buildRules = (
			);
			dependencies = (
			);
			name = ExtractBank;
			productName = ExtractBank;
			productReference = C0FE10212991AD2300F48AF9 /* ExtractBank */;
			productType = "com.apple.product-type.tool";
		};
/* End PBXNativeTarget section */

/* Begin PBXProject section */
		C0FE10192991AD2300F48AF9 /* Project object */ = {
			isa = PBXProject;
			attributes = {
				BuildIndependentTargetsInParallel = 1;
				LastSwiftUpdateCheck = 1400;
				LastUpgradeCheck = 1400;
				TargetAttributes = {
					C0FE10202991AD2300F48AF9 = {
						CreatedOnToolsVersion = 14.0.1;
					};
				};
			};
			buildConfigurationList = C0FE101C2991AD2300F48AF9 /* Build configuration list for PBXProject "ExtractBank" */;
			compatibilityVersion = "Xcode 14.0";
			developmentRegion = en;
			hasScannedForEncodings = 0;
			knownRegions = (
				en,
				Base,
			);
			mainGroup = C0FE10182991AD2300F48AF9;
			productRefGroup = C0FE10222991AD2300F48AF9 /* Products */;
			projectDirPath = "";
			projectRoot = "";
			targets = (
				C0FE10202991AD2300F48AF9 /* ExtractBank */,
			);
		};
/* End PBXProject section */

/* Begin PBXSourcesBuildPhase section */
		C0FE101D2991AD2300F48AF9 /* Sources */ = {
			isa = PBXSourcesBuildPhase;
			buildActionMask = 2147483647;
			files = (
				C024D516299F06C60090F7D6 /* TestDescriptions.swift in Sources */,
				C0FCEE632994596B00D917D3 /* DataReader.swift in Sources */,
				C0FCEE61299458C000D917D3 /* DataStorage.swift in Sources */,
				C019C2C929991375003B429B /* UtilityExtensions.swift in Sources */,
				C024D514299F063B0090F7D6 /* StorageManager.swift in Sources */,
				C0FCEE672994670E00D917D3 /* ExpenseGroup.swift in Sources */,
				C0FE10252991AD2300F48AF9 /* main.swift in Sources */,
				C0FCEE6529945C1500D917D3 /* Tags.swift in Sources */,
				C0FE102F2991D7BA00F48AF9 /* BankData+Extensions.swift in Sources */,
				C019C2C629991030003B429B /* BankData.swift in Sources */,
			);
			runOnlyForDeploymentPostprocessing = 0;
		};
/* End PBXSourcesBuildPhase section */

/* Begin XCBuildConfiguration section */
		C0FE10262991AD2300F48AF9 /* Debug */ = {
			isa = XCBuildConfiguration;
			buildSettings = {
				ALWAYS_SEARCH_USER_PATHS = NO;
				CLANG_ANALYZER_NONNULL = YES;
				CLANG_ANALYZER_NUMBER_OBJECT_CONVERSION = YES_AGGRESSIVE;
				CLANG_CXX_LANGUAGE_STANDARD = "gnu++20";
				CLANG_ENABLE_MODULES = YES;
				CLANG_ENABLE_OBJC_ARC = YES;
				CLANG_ENABLE_OBJC_WEAK = YES;
				CLANG_WARN_BLOCK_CAPTURE_AUTORELEASING = YES;
				CLANG_WARN_BOOL_CONVERSION = YES;
				CLANG_WARN_COMMA = YES;
				CLANG_WARN_CONSTANT_CONVERSION = YES;
				CLANG_WARN_DEPRECATED_OBJC_IMPLEMENTATIONS = YES;
				CLANG_WARN_DIRECT_OBJC_ISA_USAGE = YES_ERROR;
				CLANG_WARN_DOCUMENTATION_COMMENTS = YES;
				CLANG_WARN_EMPTY_BODY = YES;
				CLANG_WARN_ENUM_CONVERSION = YES;
				CLANG_WARN_INFINITE_RECURSION = YES;
				CLANG_WARN_INT_CONVERSION = YES;
				CLANG_WARN_NON_LITERAL_NULL_CONVERSION = YES;
				CLANG_WARN_OBJC_IMPLICIT_RETAIN_SELF = YES;
				CLANG_WARN_OBJC_LITERAL_CONVERSION = YES;
				CLANG_WARN_OBJC_ROOT_CLASS = YES_ERROR;
				CLANG_WARN_QUOTED_INCLUDE_IN_FRAMEWORK_HEADER = YES;
				CLANG_WARN_RANGE_LOOP_ANALYSIS = YES;
				CLANG_WARN_STRICT_PROTOTYPES = YES;
				CLANG_WARN_SUSPICIOUS_MOVE = YES;
				CLANG_WARN_UNGUARDED_AVAILABILITY = YES_AGGRESSIVE;
				CLANG_WARN_UNREACHABLE_CODE = YES;
				CLANG_WARN__DUPLICATE_METHOD_MATCH = YES;
				COPY_PHASE_STRIP = NO;
				DEBUG_INFORMATION_FORMAT = dwarf;
				ENABLE_STRICT_OBJC_MSGSEND = YES;
				ENABLE_TESTABILITY = YES;
				GCC_C_LANGUAGE_STANDARD = gnu11;
				GCC_DYNAMIC_NO_PIC = NO;
				GCC_NO_COMMON_BLOCKS = YES;
				GCC_OPTIMIZATION_LEVEL = 0;
				GCC_PREPROCESSOR_DEFINITIONS = (
					"DEBUG=1",
					"$(inherited)",
				);
				GCC_WARN_64_TO_32_BIT_CONVERSION = YES;
				GCC_WARN_ABOUT_RETURN_TYPE = YES_ERROR;
				GCC_WARN_UNDECLARED_SELECTOR = YES;
				GCC_WARN_UNINITIALIZED_AUTOS = YES_AGGRESSIVE;
				GCC_WARN_UNUSED_FUNCTION = YES;
				GCC_WARN_UNUSED_VARIABLE = YES;
				MACOSX_DEPLOYMENT_TARGET = 12.3;
				MTL_ENABLE_DEBUG_INFO = INCLUDE_SOURCE;
				MTL_FAST_MATH = YES;
				ONLY_ACTIVE_ARCH = YES;
				SDKROOT = macosx;
				SWIFT_ACTIVE_COMPILATION_CONDITIONS = DEBUG;
				SWIFT_OPTIMIZATION_LEVEL = "-Onone";
			};
			name = Debug;
		};
		C0FE10272991AD2300F48AF9 /* Release */ = {
			isa = XCBuildConfiguration;
			buildSettings = {
				ALWAYS_SEARCH_USER_PATHS = NO;
				CLANG_ANALYZER_NONNULL = YES;
				CLANG_ANALYZER_NUMBER_OBJECT_CONVERSION = YES_AGGRESSIVE;
				CLANG_CXX_LANGUAGE_STANDARD = "gnu++20";
				CLANG_ENABLE_MODULES = YES;
				CLANG_ENABLE_OBJC_ARC = YES;
				CLANG_ENABLE_OBJC_WEAK = YES;
				CLANG_WARN_BLOCK_CAPTURE_AUTORELEASING = YES;
				CLANG_WARN_BOOL_CONVERSION = YES;
				CLANG_WARN_COMMA = YES;
				CLANG_WARN_CONSTANT_CONVERSION = YES;
				CLANG_WARN_DEPRECATED_OBJC_IMPLEMENTATIONS = YES;
				CLANG_WARN_DIRECT_OBJC_ISA_USAGE = YES_ERROR;
				CLANG_WARN_DOCUMENTATION_COMMENTS = YES;
				CLANG_WARN_EMPTY_BODY = YES;
				CLANG_WARN_ENUM_CONVERSION = YES;
				CLANG_WARN_INFINITE_RECURSION = YES;
				CLANG_WARN_INT_CONVERSION = YES;
				CLANG_WARN_NON_LITERAL_NULL_CONVERSION = YES;
				CLANG_WARN_OBJC_IMPLICIT_RETAIN_SELF = YES;
				CLANG_WARN_OBJC_LITERAL_CONVERSION = YES;
				CLANG_WARN_OBJC_ROOT_CLASS = YES_ERROR;
				CLANG_WARN_QUOTED_INCLUDE_IN_FRAMEWORK_HEADER = YES;
				CLANG_WARN_RANGE_LOOP_ANALYSIS = YES;
				CLANG_WARN_STRICT_PROTOTYPES = YES;
				CLANG_WARN_SUSPICIOUS_MOVE = YES;
				CLANG_WARN_UNGUARDED_AVAILABILITY = YES_AGGRESSIVE;
				CLANG_WARN_UNREACHABLE_CODE = YES;
				CLANG_WARN__DUPLICATE_METHOD_MATCH = YES;
				COPY_PHASE_STRIP = NO;
				DEBUG_INFORMATION_FORMAT = "dwarf-with-dsym";
				ENABLE_NS_ASSERTIONS = NO;
				ENABLE_STRICT_OBJC_MSGSEND = YES;
				GCC_C_LANGUAGE_STANDARD = gnu11;
				GCC_NO_COMMON_BLOCKS = YES;
				GCC_WARN_64_TO_32_BIT_CONVERSION = YES;
				GCC_WARN_ABOUT_RETURN_TYPE = YES_ERROR;
				GCC_WARN_UNDECLARED_SELECTOR = YES;
				GCC_WARN_UNINITIALIZED_AUTOS = YES_AGGRESSIVE;
				GCC_WARN_UNUSED_FUNCTION = YES;
				GCC_WARN_UNUSED_VARIABLE = YES;
				MACOSX_DEPLOYMENT_TARGET = 12.3;
				MTL_ENABLE_DEBUG_INFO = NO;
				MTL_FAST_MATH = YES;
				SDKROOT = macosx;
				SWIFT_COMPILATION_MODE = wholemodule;
				SWIFT_OPTIMIZATION_LEVEL = "-O";
			};
			name = Release;
		};
		C0FE10292991AD2300F48AF9 /* Debug */ = {
			isa = XCBuildConfiguration;
			buildSettings = {
				CODE_SIGN_STYLE = Automatic;
				DEVELOPMENT_TEAM = PTN2UCVG43;
				ENABLE_HARDENED_RUNTIME = YES;
				PRODUCT_NAME = "$(TARGET_NAME)";
				SWIFT_VERSION = 5.0;
			};
			name = Debug;
		};
		C0FE102A2991AD2300F48AF9 /* Release */ = {
			isa = XCBuildConfiguration;
			buildSettings = {
				CODE_SIGN_STYLE = Automatic;
				DEVELOPMENT_TEAM = PTN2UCVG43;
				ENABLE_HARDENED_RUNTIME = YES;
				PRODUCT_NAME = "$(TARGET_NAME)";
				SWIFT_VERSION = 5.0;
			};
			name = Release;
		};
/* End XCBuildConfiguration section */

/* Begin XCConfigurationList section */
		C0FE101C2991AD2300F48AF9 /* Build configuration list for PBXProject "ExtractBank" */ = {
			isa = XCConfigurationList;
			buildConfigurations = (
				C0FE10262991AD2300F48AF9 /* Debug */,
				C0FE10272991AD2300F48AF9 /* Release */,
			);
			defaultConfigurationIsVisible = 0;
			defaultConfigurationName = Release;
		};
		C0FE10282991AD2300F48AF9 /* Build configuration list for PBXNativeTarget "ExtractBank" */ = {
			isa = XCConfigurationList;
			buildConfigurations = (
				C0FE10292991AD2300F48AF9 /* Debug */,
				C0FE102A2991AD2300F48AF9 /* Release */,
			);
			defaultConfigurationIsVisible = 0;
			defaultConfigurationName = Release;
		};
/* End XCConfigurationList section */
	};
	rootObject = C0FE10192991AD2300F48AF9 /* Project object */;
}
